// !$*UTF8*$!
{
	archiveVersion = 1;
	classes = {
	};
	objectVersion = 46;
	objects = {

/* Begin PBXBuildFile section */
		6392AE2D1E19275A00C04CC7 /* AppDelegate.swift in Sources */ = {isa = PBXBuildFile; fileRef = 6392AE2C1E19275A00C04CC7 /* AppDelegate.swift */; };
		6392AE2F1E19275A00C04CC7 /* ViewController.swift in Sources */ = {isa = PBXBuildFile; fileRef = 6392AE2E1E19275A00C04CC7 /* ViewController.swift */; };
		6392AE321E19275A00C04CC7 /* Main.storyboard in Resources */ = {isa = PBXBuildFile; fileRef = 6392AE301E19275A00C04CC7 /* Main.storyboard */; };
		6392AE341E19275A00C04CC7 /* Assets.xcassets in Resources */ = {isa = PBXBuildFile; fileRef = 6392AE331E19275A00C04CC7 /* Assets.xcassets */; };
		6392AE371E19275A00C04CC7 /* LaunchScreen.storyboard in Resources */ = {isa = PBXBuildFile; fileRef = 6392AE351E19275A00C04CC7 /* LaunchScreen.storyboard */; };
/* End PBXBuildFile section */

/* Begin PBXFileReference section */
		6392AE291E19275A00C04CC7 /* AppRecordar1.0.app */ = {isa = PBXFileReference; explicitFileType = wrapper.application; includeInIndex = 0; path = AppRecordar1.0.app; sourceTree = BUILT_PRODUCTS_DIR; };
		6392AE2C1E19275A00C04CC7 /* AppDelegate.swift */ = {isa = PBXFileReference; lastKnownFileType = sourcecode.swift; path = AppDelegate.swift; sourceTree = "<group>"; };
		6392AE2E1E19275A00C04CC7 /* ViewController.swift */ = {isa = PBXFileReference; lastKnownFileType = sourcecode.swift; path = ViewController.swift; sourceTree = "<group>"; };
		6392AE311E19275A00C04CC7 /* Base */ = {isa = PBXFileReference; lastKnownFileType = file.storyboard; name = Base; path = Base.lproj/Main.storyboard; sourceTree = "<group>"; };
		6392AE331E19275A00C04CC7 /* Assets.xcassets */ = {isa = PBXFileReference; lastKnownFileType = folder.assetcatalog; path = Assets.xcassets; sourceTree = "<group>"; };
		6392AE361E19275A00C04CC7 /* Base */ = {isa = PBXFileReference; lastKnownFileType = file.storyboard; name = Base; path = Base.lproj/LaunchScreen.storyboard; sourceTree = "<group>"; };
		6392AE381E19275A00C04CC7 /* Info.plist */ = {isa = PBXFileReference; lastKnownFileType = text.plist.xml; path = Info.plist; sourceTree = "<group>"; };
/* End PBXFileReference section */

/* Begin PBXFrameworksBuildPhase section */
		6392AE261E19275A00C04CC7 /* Frameworks */ = {
			isa = PBXFrameworksBuildPhase;
			buildActionMask = 2147483647;
			files = (
			);
			runOnlyForDeploymentPostprocessing = 0;
		};
/* End PBXFrameworksBuildPhase section */

/* Begin PBXGroup section */
		6392AE201E19275A00C04CC7 = {
			isa = PBXGroup;
			children = (
				6392AE2B1E19275A00C04CC7 /* AppRecordar1.0 */,
				6392AE2A1E19275A00C04CC7 /* Products */,
			);
			sourceTree = "<group>";
		};
		6392AE2A1E19275A00C04CC7 /* Products */ = {
			isa = PBXGroup;
			children = (
				6392AE291E19275A00C04CC7 /* AppRecordar1.0.app */,
			);
			name = Products;
			sourceTree = "<group>";
		};
		6392AE2B1E19275A00C04CC7 /* AppRecordar1.0 */ = {
			isa = PBXGroup;
			children = (
				6392AE2C1E19275A00C04CC7 /* AppDelegate.swift */,
				6392AE2E1E19275A00C04CC7 /* ViewController.swift */,
				6392AE301E19275A00C04CC7 /* Main.storyboard */,
				6392AE331E19275A00C04CC7 /* Assets.xcassets */,
				6392AE351E19275A00C04CC7 /* LaunchScreen.storyboard */,
				6392AE381E19275A00C04CC7 /* Info.plist */,
			);
			path = AppRecordar1.0;
			sourceTree = "<group>";
		};
/* End PBXGroup section */

/* Begin PBXNativeTarget section */
		6392AE281E19275A00C04CC7 /* AppRecordar1.0 */ = {
			isa = PBXNativeTarget;
			buildConfigurationList = 6392AE3B1E19275A00C04CC7 /* Build configuration list for PBXNativeTarget "AppRecordar1.0" */;
			buildPhases = (
				6392AE251E19275A00C04CC7 /* Sources */,
				6392AE261E19275A00C04CC7 /* Frameworks */,
				6392AE271E19275A00C04CC7 /* Resources */,
			);
			buildRules = (
			);
			dependencies = (
			);
			name = AppRecordar1.0;
			productName = AppRecordar1.0;
			productReference = 6392AE291E19275A00C04CC7 /* AppRecordar1.0.app */;
			productType = "com.apple.product-type.application";
		};
/* End PBXNativeTarget section */

/* Begin PBXProject section */
		6392AE211E19275A00C04CC7 /* Project object */ = {
			isa = PBXProject;
			attributes = {
				LastSwiftUpdateCheck = 0810;
				LastUpgradeCheck = 0810;
				ORGANIZATIONNAME = icologic;
				TargetAttributes = {
					6392AE281E19275A00C04CC7 = {
						CreatedOnToolsVersion = 8.1;
						DevelopmentTeam = 2C7W4RF846;
						ProvisioningStyle = Automatic;
					};
				};
			};
			buildConfigurationList = 6392AE241E19275A00C04CC7 /* Build configuration list for PBXProject "AppRecordar1.0" */;
			compatibilityVersion = "Xcode 3.2";
			developmentRegion = English;
			hasScannedForEncodings = 0;
			knownRegions = (
				en,
				Base,
			);
			mainGroup = 6392AE201E19275A00C04CC7;
			productRefGroup = 6392AE2A1E19275A00C04CC7 /* Products */;
			projectDirPath = "";
			projectRoot = "";
			targets = (
				6392AE281E19275A00C04CC7 /* AppRecordar1.0 */,
			);
		};
/* End PBXProject section */

/* Begin PBXResourcesBuildPhase section */
		6392AE271E19275A00C04CC7 /* Resources */ = {
			isa = PBXResourcesBuildPhase;
			buildActionMask = 2147483647;
			files = (
				6392AE371E19275A00C04CC7 /* LaunchScreen.storyboard in Resources */,
				6392AE341E19275A00C04CC7 /* Assets.xcassets in Resources */,
				6392AE321E19275A00C04CC7 /* Main.storyboard in Resources */,
			);
			runOnlyForDeploymentPostprocessing = 0;
		};
/* End PBXResourcesBuildPhase section */

/* Begin PBXSourcesBuildPhase section */
		6392AE251E19275A00C04CC7 /* Sources */ = {
			isa = PBXSourcesBuildPhase;
			buildActionMask = 2147483647;
			files = (
				6392AE2F1E19275A00C04CC7 /* ViewController.swift in Sources */,
				6392AE2D1E19275A00C04CC7 /* AppDelegate.swift in Sources */,
			);
			runOnlyForDeploymentPostprocessing = 0;
		};
/* End PBXSourcesBuildPhase section */

/* Begin PBXVariantGroup section */
		6392AE301E19275A00C04CC7 /* Main.storyboard */ = {
			isa = PBXVariantGroup;
			children = (
				6392AE311E19275A00C04CC7 /* Base */,
			);
			name = Main.storyboard;
			sourceTree = "<group>";
		};
		6392AE351E19275A00C04CC7 /* LaunchScreen.storyboard */ = {
			isa = PBXVariantGroup;
			children = (
				6392AE361E19275A00C04CC7 /* Base */,
			);
			name = LaunchScreen.storyboard;
			sourceTree = "<group>";
		};
/* End PBXVariantGroup section */

/* Begin XCBuildConfiguration section */
		6392AE391E19275A00C04CC7 /* Debug */ = {
			isa = XCBuildConfiguration;
			buildSettings = {
				ALWAYS_SEARCH_USER_PATHS = NO;
				CLANG_ANALYZER_NONNULL = YES;
				CLANG_CXX_LANGUAGE_STANDARD = "gnu++0x";
				CLANG_CXX_LIBRARY = "libc++";
				CLANG_ENABLE_MODULES = YES;
				CLANG_ENABLE_OBJC_ARC = YES;
				CLANG_WARN_BOOL_CONVERSION = YES;
				CLANG_WARN_CONSTANT_CONVERSION = YES;
				CLANG_WARN_DIRECT_OBJC_ISA_USAGE = YES_ERROR;
				CLANG_WARN_DOCUMENTATION_COMMENTS = YES;
				CLANG_WARN_EMPTY_BODY = YES;
				CLANG_WARN_ENUM_CONVERSION = YES;
				CLANG_WARN_INFINITE_RECURSION = YES;
				CLANG_WARN_INT_CONVERSION = YES;
				CLANG_WARN_OBJC_ROOT_CLASS = YES_ERROR;
				CLANG_WARN_SUSPICIOUS_MOVES = YES;
				CLANG_WARN_UNREACHABLE_CODE = YES;
				CLANG_WARN__DUPLICATE_METHOD_MATCH = YES;
				"CODE_SIGN_IDENTITY[sdk=iphoneos*]" = "iPhone Developer";
				COPY_PHASE_STRIP = NO;
				DEBUG_INFORMATION_FORMAT = dwarf;
				ENABLE_STRICT_OBJC_MSGSEND = YES;
				ENABLE_TESTABILITY = YES;
				GCC_C_LANGUAGE_STANDARD = gnu99;
				GCC_DYNAMIC_NO_PIC = NO;
				GCC_NO_COMMON_BLOCKS = YES;
				GCC_OPTIMIZATION_LEVEL = 0;
				GCC_PREPROCESSOR_DEFINITIONS = (
					"DEBUG=1",
					"$(inherited)",
				);
				GCC_WARN_64_TO_32_BIT_CONVERSION = YES;
				GCC_WARN_ABOUT_RETURN_TYPE = YES_ERROR;
				GCC_WARN_UNDECLARED_SELECTOR = YES;
				GCC_WARN_UNINITIALIZED_AUTOS = YES_AGGRESSIVE;
				GCC_WARN_UNUSED_FUNCTION = YES;
				GCC_WARN_UNUSED_VARIABLE = YES;
				IPHONEOS_DEPLOYMENT_TARGET = 10.1;
				MTL_ENABLE_DEBUG_INFO = YES;
				ONLY_ACTIVE_ARCH = YES;
				SDKROOT = iphoneos;
				SWIFT_ACTIVE_COMPILATION_CONDITIONS = DEBUG;
				SWIFT_OPTIMIZATION_LEVEL = "-Onone";
			};
			name = Debug;
		};
		6392AE3A1E19275A00C04CC7 /* Release */ = {
			isa = XCBuildConfiguration;
			buildSettings = {
				ALWAYS_SEARCH_USER_PATHS = NO;
				CLANG_ANALYZER_NONNULL = YES;
				CLANG_CXX_LANGUAGE_STANDARD = "gnu++0x";
				CLANG_CXX_LIBRARY = "libc++";
				CLANG_ENABLE_MODULES = YES;
				CLANG_ENABLE_OBJC_ARC = YES;
				CLANG_WARN_BOOL_CONVERSION = YES;
				CLANG_WARN_CONSTANT_CONVERSION = YES;
				CLANG_WARN_DIRECT_OBJC_ISA_USAGE = YES_ERROR;
				CLANG_WARN_DOCUMENTATION_COMMENTS = YES;
				CLANG_WARN_EMPTY_BODY = YES;
				CLANG_WARN_ENUM_CONVERSION = YES;
				CLANG_WARN_INFINITE_RECURSION = YES;
				CLANG_WARN_INT_CONVERSION = YES;
				CLANG_WARN_OBJC_ROOT_CLASS = YES_ERROR;
				CLANG_WARN_SUSPICIOUS_MOVES = YES;
				CLANG_WARN_UNREACHABLE_CODE = YES;
				CLANG_WARN__DUPLICATE_METHOD_MATCH = YES;
				"CODE_SIGN_IDENTITY[sdk=iphoneos*]" = "iPhone Developer";
				COPY_PHASE_STRIP = NO;
				DEBUG_INFORMATION_FORMAT = "dwarf-with-dsym";
				ENABLE_NS_ASSERTIONS = NO;
				ENABLE_STRICT_OBJC_MSGSEND = YES;
				GCC_C_LANGUAGE_STANDARD = gnu99;
				GCC_NO_COMMON_BLOCKS = YES;
				GCC_WARN_64_TO_32_BIT_CONVERSION = YES;
				GCC_WARN_ABOUT_RETURN_TYPE = YES_ERROR;
				GCC_WARN_UNDECLARED_SELECTOR = YES;
				GCC_WARN_UNINITIALIZED_AUTOS = YES_AGGRESSIVE;
				GCC_WARN_UNUSED_FUNCTION = YES;
				GCC_WARN_UNUSED_VARIABLE = YES;
				IPHONEOS_DEPLOYMENT_TARGET = 10.1;
				MTL_ENABLE_DEBUG_INFO = NO;
				SDKROOT = iphoneos;
				SWIFT_OPTIMIZATION_LEVEL = "-Owholemodule";
				VALIDATE_PRODUCT = YES;
			};
			name = Release;
		};
		6392AE3C1E19275A00C04CC7 /* Debug */ = {
			isa = XCBuildConfiguration;
			buildSettings = {
				ASSETCATALOG_COMPILER_APPICON_NAME = AppIcon;
				DEVELOPMENT_TEAM = 2C7W4RF846;
				INFOPLIST_FILE = AppRecordar1.0/Info.plist;
				LD_RUNPATH_SEARCH_PATHS = "$(inherited) @executable_path/Frameworks";
				PRODUCT_BUNDLE_IDENTIFIER = "es.icologic.iOS.AppRecordar1-0";
				PRODUCT_NAME = "$(TARGET_NAME)";
				SWIFT_VERSION = 3.0;
			};
			name = Debug;
		};
		6392AE3D1E19275A00C04CC7 /* Release */ = {
			isa = XCBuildConfiguration;
			buildSettings = {
				ASSETCATALOG_COMPILER_APPICON_NAME = AppIcon;
				DEVELOPMENT_TEAM = 2C7W4RF846;
				INFOPLIST_FILE = AppRecordar1.0/Info.plist;
				LD_RUNPATH_SEARCH_PATHS = "$(inherited) @executable_path/Frameworks";
				PRODUCT_BUNDLE_IDENTIFIER = "es.icologic.iOS.AppRecordar1-0";
				PRODUCT_NAME = "$(TARGET_NAME)";
				SWIFT_VERSION = 3.0;
			};
			name = Release;
		};
/* End XCBuildConfiguration section */

/* Begin XCConfigurationList section */
		6392AE241E19275A00C04CC7 /* Build configuration list for PBXProject "AppRecordar1.0" */ = {
			isa = XCConfigurationList;
			buildConfigurations = (
				6392AE391E19275A00C04CC7 /* Debug */,
				6392AE3A1E19275A00C04CC7 /* Release */,
			);
			defaultConfigurationIsVisible = 0;
			defaultConfigurationName = Release;
		};
		6392AE3B1E19275A00C04CC7 /* Build configuration list for PBXNativeTarget "AppRecordar1.0" */ = {
			isa = XCConfigurationList;
			buildConfigurations = (
				6392AE3C1E19275A00C04CC7 /* Debug */,
				6392AE3D1E19275A00C04CC7 /* Release */,
			);
			defaultConfigurationIsVisible = 0;
		};
/* End XCConfigurationList section */
	};
	rootObject = 6392AE211E19275A00C04CC7 /* Project object */;
}
